
Microsoft Visual Studio Solution File, Format Version 12.00
Project("{FAE04EC0-301F-11D3-BF4B-00C04F79EFBC}") = "NetCoreCookieServer", "NetCoreCookieServer.csproj", "{C01CF107-0778-4C07-B268-02620BE9F352}"
EndProject
Global
	GlobalSection(SolutionConfigurationPlatforms) = preSolution
		Debug|Any CPU = Debug|Any CPU
		Release|Any CPU = Release|Any CPU
	EndGlobalSection
	GlobalSection(ProjectConfigurationPlatforms) = postSolution
		{C01CF107-0778-4C07-B268-02620BE9F352}.Debug|Any CPU.ActiveCfg = Debug|Any CPU
		{C01CF107-0778-4C07-B268-02620BE9F352}.Debug|Any CPU.Build.0 = Debug|Any CPU
		{C01CF107-0778-4C07-B268-02620BE9F352}.Release|Any CPU.ActiveCfg = Release|Any CPU
		{C01CF107-0778-4C07-B268-02620BE9F352}.Release|Any CPU.Build.0 = Release|Any CPU
	EndGlobalSection
EndGlobal
